github.com/KirillBogatikov/a v0.0.1-a h1:3BapTzDcChkOknTVAcoxbqI8R7Z8xFQ0P3qFjp2c6BQ=
github.com/KirillBogatikov/a v0.0.1-a/go.mod h1:tqo4XWQdEEm48w8GBRHoApW3FOXOddkfiq29Ju0RMXk=
github.com/KirillBogatikov/b v0.0.1-b h1:yR1Id2I5rc5o10rsBLc5ZfKQ5gkZJahYyjRy0syil5E=
github.com/KirillBogatikov/b v0.0.1-b/go.mod h1:df2YUsddiphvPUUqcFLXPnTpqaBk+5jAeBfVBChSOpU=
github.com/KirillBogatikov/m v0.0.3 h1:wF1HJw1VMt4k+ghkCU63epxed4i3x91vZj8LfAexrbE=
github.com/KirillBogatikov/m v0.0.3/go.mod h1:YxwNoLOqlyN3QNoi0Yqt941bt6NYCIG8XeI1YgNstAQ=
